
Microsoft Visual Studio Solution File, Format Version 12.00
# Visual Studio 2013
VisualStudioVersion = 12.0.31101.0
MinimumVisualStudioVersion = 10.0.40219.1
Project("{2150E333-8FDC-42A3-9474-1A3956D46DE8}") = "Part5", "Part5", "{29E6283A-DC78-426D-89E2-BEAD2CBF5E70}"
EndProject
Project("{2150E333-8FDC-42A3-9474-1A3956D46DE8}") = "Part3", "Part3", "{1FD1299C-3ADB-40D5-930A-7918D032BC70}"
EndProject
Project("{2150E333-8FDC-42A3-9474-1A3956D46DE8}") = "Part4", "Part4", "{B50FACF0-7B12-45AE-BB6A-9FC987F9B92B}"
EndProject
Project("{2150E333-8FDC-42A3-9474-1A3956D46DE8}") = "Part6", "Part6", "{F42C5D35-7A68-41BB-8B7A-F9F1C97A793E}"
EndProject
Project("{2150E333-8FDC-42A3-9474-1A3956D46DE8}") = "Part1n2", "Part1n2", "{84A1A665-07F5-493A-9195-6020D9813CB8}"
EndProject
Project("{2150E333-8FDC-42A3-9474-1A3956D46DE8}") = "Part7", "Part7", "{C5B380F2-055D-439D-800C-8BBE229AE325}"
EndProject
Project("{2150E333-8FDC-42A3-9474-1A3956D46DE8}") = "Part8", "Part8", "{0199ED65-C3BC-4A8F-9901-49146CA0C2FC}"
EndProject
Project("{2150E333-8FDC-42A3-9474-1A3956D46DE8}") = "After032 - Gac and Pcl", "After032 - Gac and Pcl", "{777E52A7-89B4-43D7-BC85-6A19AF9A5996}"
EndProject
Project("{2150E333-8FDC-42A3-9474-1A3956D46DE8}") = "After035", "After035", "{E917FA1F-C36B-49E8-AE01-7887624C4248}"
EndProject
Project("{2150E333-8FDC-42A3-9474-1A3956D46DE8}") = "After036", "After036", "{9EDE3156-9A31-4E37-8443-1DEF3B39743D}"
EndProject
Project("{FAE04EC0-301F-11D3-BF4B-00C04F79EFBC}") = "After001 - Class structures", "After001\After001 - Class structures.csproj", "{91D610FA-8038-48E0-8AB8-7904F5D0398A}"
EndProject
Project("{FAE04EC0-301F-11D3-BF4B-00C04F79EFBC}") = "After003 - Read and write properties", "After003\After003 - Read and write properties.csproj", "{886E1712-FB21-4B0A-87E9-BD5C1239259F}"
EndProject
Project("{FAE04EC0-301F-11D3-BF4B-00C04F79EFBC}") = "After002 - Class inheritence", "After002\After002 - Class inheritence.csproj", "{8888B2F6-93E3-4F95-826D-47F3EFB5FC24}"
EndProject
Project("{FAE04EC0-301F-11D3-BF4B-00C04F79EFBC}") = "After004 - Reflection", "After004\After004 - Reflection.csproj", "{29881914-4FF2-4CA5-A379-5401E979D16E}"
EndProject
Project("{FAE04EC0-301F-11D3-BF4B-00C04F79EFBC}") = "After006 - For and Foreach", "After006\After006 - For and Foreach.csproj", "{7F5DE184-ECF2-4B74-8F6F-924ABB79335B}"
EndProject
Project("{FAE04EC0-301F-11D3-BF4B-00C04F79EFBC}") = "After008 - Switch", "After008\After008 - Switch.csproj", "{2B20C42A-8FAE-4F55-8233-66599FED9139}"
EndProject
Project("{FAE04EC0-301F-11D3-BF4B-00C04F79EFBC}") = "After010 - Continue Break and Yield", "After010\After010 - Continue Break and Yield.csproj", "{BB6DC325-D732-4273-8CED-06AEF8D20A4E}"
EndProject
Project("{FAE04EC0-301F-11D3-BF4B-00C04F79EFBC}") = "After012 - StringBuilder", "After012\After012 - StringBuilder.csproj", "{AF741311-B81F-4338-A9B8-6CE59E74AB1E}"
EndProject
Project("{FAE04EC0-301F-11D3-BF4B-00C04F79EFBC}") = "After014 - Split and Join", "After014\After014 - Split and Join.csproj", "{929BB9FB-A044-426C-96AB-CBFCD4C5DA3D}"
EndProject
Project("{FAE04EC0-301F-11D3-BF4B-00C04F79EFBC}") = "After016 - UI Locks", "After016\After016 - UI Locks.csproj", "{5695297B-EAD9-49D0-BCFB-ADF9A3C4E5A5}"
EndProject
Project("{FAE04EC0-301F-11D3-BF4B-00C04F79EFBC}") = "After018 - Task", "After018-Task\After018 - Task.csproj", "{3FA5C867-DF08-4DBC-960B-D79A616EE621}"
EndProject
Project("{FAE04EC0-301F-11D3-BF4B-00C04F79EFBC}") = "After020 - Lock", "After020\After020 - Lock.csproj", "{3418536B-D14E-495D-AD34-275080393F5F}"
EndProject
Project("{FAE04EC0-301F-11D3-BF4B-00C04F79EFBC}") = "After020 - Mutex", "After020-Mutex\After020 - Mutex.csproj", "{39CA8405-77B2-478A-BA70-7DB852A70D95}"
EndProject
Project("{FAE04EC0-301F-11D3-BF4B-00C04F79EFBC}") = "After020 - Semaphore", "After020-Semaphore\After020 - Semaphore.csproj", "{1CA22887-1D1A-47E9-95B6-85ADE7C40EC1}"
EndProject
Project("{FAE04EC0-301F-11D3-BF4B-00C04F79EFBC}") = "After022 - Typed Exceptions", "After022-Typed\After022 - Typed Exceptions.csproj", "{E5C4D39F-85FD-4AFD-B6E6-C3CA408BD08B}"
EndProject
Project("{FAE04EC0-301F-11D3-BF4B-00C04F79EFBC}") = "After005 - Streams", "After005\After005 - Streams.csproj", "{8A669C19-7077-4F89-9D21-58945C110F64}"
EndProject
Project("{FAE04EC0-301F-11D3-BF4B-00C04F79EFBC}") = "After007 - If else elseif", "After007\After007 - If else elseif.csproj", "{B413664D-3774-4F15-BF67-EB0B0411216E}"
EndProject
Project("{FAE04EC0-301F-11D3-BF4B-00C04F79EFBC}") = "After009 - Operators", "After009\After009 - Operators.csproj", "{5971A850-4626-4F2F-8B0E-F42AA491389A}"
EndProject
Project("{FAE04EC0-301F-11D3-BF4B-00C04F79EFBC}") = "After011 - Return and Goto", "After11\After011 - Return and Goto.csproj", "{911E722A-20D9-47AE-AD45-F73BBDF4F772}"
EndProject
Project("{FAE04EC0-301F-11D3-BF4B-00C04F79EFBC}") = "After013 - Substring and Regex", "After013\After013 - Substring and Regex.csproj", "{8221C873-FEDF-431C-B549-8D7B4F8A6E2B}"
EndProject
Project("{FAE04EC0-301F-11D3-BF4B-00C04F79EFBC}") = "After015 - Event Handling", "After015\After015 - Event Handling.csproj", "{0E9D95A6-2590-40FE-965A-B6F8E6FA14F0}"
EndProject
Project("{FAE04EC0-301F-11D3-BF4B-00C04F79EFBC}") = "After017 - ThreadPool and CallBacks", "After017\After017 - ThreadPool and CallBacks.csproj", "{B29FABC8-9832-4D32-9C7D-3ABCB9C07977}"
EndProject
Project("{FAE04EC0-301F-11D3-BF4B-00C04F79EFBC}") = "After019 - Async and Await", "After019\After019 - Async and Await.csproj", "{7866F442-7FC6-49A2-93C3-5FC215EA9894}"
EndProject
Project("{FAE04EC0-301F-11D3-BF4B-00C04F79EFBC}") = "After021 - Canceling LongRunning", "After021\After021 - Canceling LongRunning.csproj", "{A2510733-5625-4FDD-B66F-18A24D652B3C}"
EndProject
Project("{FAE04EC0-301F-11D3-BF4B-00C04F79EFBC}") = "SimpleRestService", "SimpleRestService\SimpleRestService.csproj", "{035B2D02-F827-4D01-9A49-8A3E6EAE5A2E}"
EndProject
Project("{FAE04EC0-301F-11D3-BF4B-00C04F79EFBC}") = "After034 - Linq to XML", "After034\After034 - Linq to XML.csproj", "{52B8796E-AA24-4304-B42D-EDB26124F24B}"
EndProject
Project("{FAE04EC0-301F-11D3-BF4B-00C04F79EFBC}") = "After027 - Read and Write Files", "After027 - Read and Write Files\After027 - Read and Write Files.csproj", "{487880F6-3EBD-44B6-9D22-26BDEFB59670}"
EndProject
Project("{FAE04EC0-301F-11D3-BF4B-00C04F79EFBC}") = "After023 - Input Validation", "After023\After023 - Input Validation.csproj", "{94AF2ABB-42B7-4AB0-B14F-5FFFFD6B40A3}"
EndProject
Project("{FAE04EC0-301F-11D3-BF4B-00C04F79EFBC}") = "After024 - Encryption", "After024\After024 - Encryption.csproj", "{906E80FA-740F-42A9-A17C-22A09D81CEE8}"
EndProject
Project("{FAE04EC0-301F-11D3-BF4B-00C04F79EFBC}") = "After025 - Debugging", "After025 - Debugging\After025 - Debugging.csproj", "{4706FC46-2060-4A1C-8E40-DE44E6ABB68F}"
EndProject
Project("{FAE04EC0-301F-11D3-BF4B-00C04F79EFBC}") = "After029 - REST", "After029\After029 - REST.csproj", "{C7642AB6-0EED-446E-BD0B-4C2B78887419}"
EndProject
Project("{FAE04EC0-301F-11D3-BF4B-00C04F79EFBC}") = "After030 - Serialize JSON", "After030\After030 - Serialize JSON.csproj", "{332C287D-6925-4FF1-B1D0-C85721BB9F5C}"
EndProject
Project("{FAE04EC0-301F-11D3-BF4B-00C04F79EFBC}") = "After031 - Database", "After031\After031 - Database.csproj", "{E0CB602B-C58C-44D5-A6F0-B7060DC71C4F}"
EndProject
Project("{FAE04EC0-301F-11D3-BF4B-00C04F79EFBC}") = "After032 - Gacutil", "After032\After032 - Gacutil.csproj", "{44E76102-A111-4B3F-A743-ECB861BD3089}"
EndProject
Project("{FAE04EC0-301F-11D3-BF4B-00C04F79EFBC}") = "After032-PortableClassLibrary", "After032-PortableClassLibrary\After032-PortableClassLibrary.csproj", "{1197CF25-AF8D-428D-8BB1-8C465F8879B3}"
EndProject
Project("{FAE04EC0-301F-11D3-BF4B-00C04F79EFBC}") = "After035_CS", "After035_CS\After035_CS.csproj", "{D7CDFD40-B8E7-4222-9E8E-B67EBBD91AC7}"
EndProject
Project("{262852C6-CD72-467D-83FE-5EEB1973A190}") = "After035_JS", "After035_JS\After035_JS.jsproj", "{9737A853-6352-42D5-89ED-1E3B4ACE05A9}"
EndProject
Project("{FAE04EC0-301F-11D3-BF4B-00C04F79EFBC}") = "After035_WinMD", "After035_WinMD\After035_WinMD.csproj", "{F73A5A5A-D773-440E-81D9-958C6E67E615}"
EndProject
Project("{FAE04EC0-301F-11D3-BF4B-00C04F79EFBC}") = "After036-MemoryLeak", "After036-MemoryLeak\After036-MemoryLeak.csproj", "{80B1D0A2-5BDA-4629-A69D-99E0A9C6736B}"
EndProject
Project("{FAE04EC0-301F-11D3-BF4B-00C04F79EFBC}") = "After037 - NewVirtualOverride", "After037-NewVirtualOverride\After037 - NewVirtualOverride.csproj", "{20A95394-2C9B-4122-8528-C32370135825}"
EndProject
Project("{FAE04EC0-301F-11D3-BF4B-00C04F79EFBC}") = "After037 - WhileDoWhile", "After037-WhileDoWhile\After037 - WhileDoWhile.csproj", "{428DA925-D83D-48E3-9BDA-F6C5623FCFB6}"
EndProject
Project("{FAE04EC0-301F-11D3-BF4B-00C04F79EFBC}") = "After026 - Diagnostics", "After026\After026 - Diagnostics.csproj", "{675118B0-B412-4617-B179-781268F85A46}"
EndProject
Project("{FAE04EC0-301F-11D3-BF4B-00C04F79EFBC}") = "After033 - Query and Method Syntax", "After033\After033 - Query and Method Syntax.csproj", "{4BDA74DB-E59D-4FD9-891D-2A7E4F1E87E0}"
EndProject
Project("{2150E333-8FDC-42A3-9474-1A3956D46DE8}") = "Development", "Development", "{F5B26B1B-E839-480C-81F0-DF15AB827920}"
EndProject
Project("{2150E333-8FDC-42A3-9474-1A3956D46DE8}") = "Testing", "Testing", "{2EB3EE8D-07DC-4BB9-A2BE-EFF839027F88}"
EndProject
Project("{2150E333-8FDC-42A3-9474-1A3956D46DE8}") = "Part1", "Part1", "{74CAA0BB-15F8-464A-BA72-1788B14C04EA}"
EndProject
Project("{2150E333-8FDC-42A3-9474-1A3956D46DE8}") = "Part2", "Part2", "{0C706476-4999-4214-82A6-A2903D5B8F53}"
EndProject
Project("{FAE04EC0-301F-11D3-BF4B-00C04F79EFBC}") = "001 - UnitTests", "UnitTests\001 - UnitTests.csproj", "{EA579EA3-4E52-479E-8608-CDA2B50BB7BF}"
EndProject
Project("{FAE04EC0-301F-11D3-BF4B-00C04F79EFBC}") = "002 -IntegrationTests", "IntegrationTests\002 -IntegrationTests.csproj", "{3ED10811-85E9-4018-A49E-44A2A01AEEA2}"
EndProject
Project("{FAE04EC0-301F-11D3-BF4B-00C04F79EFBC}") = "004 - SeleniumWebDrivenTests", "SeleniumWebDrivenTests\004 - SeleniumWebDrivenTests.csproj", "{9EF1F386-8247-4555-AF85-02114B069181}"
EndProject
Project("{FAE04EC0-301F-11D3-BF4B-00C04F79EFBC}") = "003 - ParallelTestExecution", "003 - ParallelTestExecution\003 - ParallelTestExecution.csproj", "{E208BBD6-9F71-4A4A-B4F2-3D1DF30ECE5D}"
EndProject
Project("{FAE04EC0-301F-11D3-BF4B-00C04F79EFBC}") = "005 - BDDSpecflowTests", "BDDSpecflowTests\005 - BDDSpecflowTests.csproj", "{09DD3402-AC18-476F-8768-FC9894474F2E}"
EndProject
Project("{FAE04EC0-301F-11D3-BF4B-00C04F79EFBC}") = "006 - APITests", "006 - APITests\006 - APITests.csproj", "{38829E51-1FB1-4195-9C15-C82AA8B94347}"
EndProject
Global
	GlobalSection(SolutionConfigurationPlatforms) = preSolution
		Debug|Any CPU = Debug|Any CPU
		Debug|ARM = Debug|ARM
		Debug|x64 = Debug|x64
		Debug|x86 = Debug|x86
		Release|Any CPU = Release|Any CPU
		Release|ARM = Release|ARM
		Release|x64 = Release|x64
		Release|x86 = Release|x86
	EndGlobalSection
	GlobalSection(ProjectConfigurationPlatforms) = postSolution
		{91D610FA-8038-48E0-8AB8-7904F5D0398A}.Debug|Any CPU.ActiveCfg = Debug|Any CPU
		{91D610FA-8038-48E0-8AB8-7904F5D0398A}.Debug|Any CPU.Build.0 = Debug|Any CPU
		{91D610FA-8038-48E0-8AB8-7904F5D0398A}.Debug|ARM.ActiveCfg = Debug|Any CPU
		{91D610FA-8038-48E0-8AB8-7904F5D0398A}.Debug|x64.ActiveCfg = Debug|Any CPU
		{91D610FA-8038-48E0-8AB8-7904F5D0398A}.Debug|x86.ActiveCfg = Debug|Any CPU
		{91D610FA-8038-48E0-8AB8-7904F5D0398A}.Release|Any CPU.ActiveCfg = Release|Any CPU
		{91D610FA-8038-48E0-8AB8-7904F5D0398A}.Release|Any CPU.Build.0 = Release|Any CPU
		{91D610FA-8038-48E0-8AB8-7904F5D0398A}.Release|ARM.ActiveCfg = Release|Any CPU
		{91D610FA-8038-48E0-8AB8-7904F5D0398A}.Release|x64.ActiveCfg = Release|Any CPU
		{91D610FA-8038-48E0-8AB8-7904F5D0398A}.Release|x86.ActiveCfg = Release|Any CPU
		{886E1712-FB21-4B0A-87E9-BD5C1239259F}.Debug|Any CPU.ActiveCfg = Debug|Any CPU
		{886E1712-FB21-4B0A-87E9-BD5C1239259F}.Debug|Any CPU.Build.0 = Debug|Any CPU
		{886E1712-FB21-4B0A-87E9-BD5C1239259F}.Debug|ARM.ActiveCfg = Debug|Any CPU
		{886E1712-FB21-4B0A-87E9-BD5C1239259F}.Debug|x64.ActiveCfg = Debug|Any CPU
		{886E1712-FB21-4B0A-87E9-BD5C1239259F}.Debug|x86.ActiveCfg = Debug|Any CPU
		{886E1712-FB21-4B0A-87E9-BD5C1239259F}.Release|Any CPU.ActiveCfg = Release|Any CPU
		{886E1712-FB21-4B0A-87E9-BD5C1239259F}.Release|Any CPU.Build.0 = Release|Any CPU
		{886E1712-FB21-4B0A-87E9-BD5C1239259F}.Release|ARM.ActiveCfg = Release|Any CPU
		{886E1712-FB21-4B0A-87E9-BD5C1239259F}.Release|x64.ActiveCfg = Release|Any CPU
		{886E1712-FB21-4B0A-87E9-BD5C1239259F}.Release|x86.ActiveCfg = Release|Any CPU
		{8888B2F6-93E3-4F95-826D-47F3EFB5FC24}.Debug|Any CPU.ActiveCfg = Debug|Any CPU
		{8888B2F6-93E3-4F95-826D-47F3EFB5FC24}.Debug|Any CPU.Build.0 = Debug|Any CPU
		{8888B2F6-93E3-4F95-826D-47F3EFB5FC24}.Debug|ARM.ActiveCfg = Debug|Any CPU
		{8888B2F6-93E3-4F95-826D-47F3EFB5FC24}.Debug|x64.ActiveCfg = Debug|Any CPU
		{8888B2F6-93E3-4F95-826D-47F3EFB5FC24}.Debug|x86.ActiveCfg = Debug|Any CPU
		{8888B2F6-93E3-4F95-826D-47F3EFB5FC24}.Release|Any CPU.ActiveCfg = Release|Any CPU
		{8888B2F6-93E3-4F95-826D-47F3EFB5FC24}.Release|Any CPU.Build.0 = Release|Any CPU
		{8888B2F6-93E3-4F95-826D-47F3EFB5FC24}.Release|ARM.ActiveCfg = Release|Any CPU
		{8888B2F6-93E3-4F95-826D-47F3EFB5FC24}.Release|x64.ActiveCfg = Release|Any CPU
		{8888B2F6-93E3-4F95-826D-47F3EFB5FC24}.Release|x86.ActiveCfg = Release|Any CPU
		{29881914-4FF2-4CA5-A379-5401E979D16E}.Debug|Any CPU.ActiveCfg = Debug|Any CPU
		{29881914-4FF2-4CA5-A379-5401E979D16E}.Debug|Any CPU.Build.0 = Debug|Any CPU
		{29881914-4FF2-4CA5-A379-5401E979D16E}.Debug|ARM.ActiveCfg = Debug|Any CPU
		{29881914-4FF2-4CA5-A379-5401E979D16E}.Debug|x64.ActiveCfg = Debug|Any CPU
		{29881914-4FF2-4CA5-A379-5401E979D16E}.Debug|x86.ActiveCfg = Debug|Any CPU
		{29881914-4FF2-4CA5-A379-5401E979D16E}.Release|Any CPU.ActiveCfg = Release|Any CPU
		{29881914-4FF2-4CA5-A379-5401E979D16E}.Release|Any CPU.Build.0 = Release|Any CPU
		{29881914-4FF2-4CA5-A379-5401E979D16E}.Release|ARM.ActiveCfg = Release|Any CPU
		{29881914-4FF2-4CA5-A379-5401E979D16E}.Release|x64.ActiveCfg = Release|Any CPU
		{29881914-4FF2-4CA5-A379-5401E979D16E}.Release|x86.ActiveCfg = Release|Any CPU
		{7F5DE184-ECF2-4B74-8F6F-924ABB79335B}.Debug|Any CPU.ActiveCfg = Debug|Any CPU
		{7F5DE184-ECF2-4B74-8F6F-924ABB79335B}.Debug|Any CPU.Build.0 = Debug|Any CPU
		{7F5DE184-ECF2-4B74-8F6F-924ABB79335B}.Debug|ARM.ActiveCfg = Debug|Any CPU
		{7F5DE184-ECF2-4B74-8F6F-924ABB79335B}.Debug|x64.ActiveCfg = Debug|Any CPU
		{7F5DE184-ECF2-4B74-8F6F-924ABB79335B}.Debug|x86.ActiveCfg = Debug|Any CPU
		{7F5DE184-ECF2-4B74-8F6F-924ABB79335B}.Release|Any CPU.ActiveCfg = Release|Any CPU
		{7F5DE184-ECF2-4B74-8F6F-924ABB79335B}.Release|Any CPU.Build.0 = Release|Any CPU
		{7F5DE184-ECF2-4B74-8F6F-924ABB79335B}.Release|ARM.ActiveCfg = Release|Any CPU
		{7F5DE184-ECF2-4B74-8F6F-924ABB79335B}.Release|x64.ActiveCfg = Release|Any CPU
		{7F5DE184-ECF2-4B74-8F6F-924ABB79335B}.Release|x86.ActiveCfg = Release|Any CPU
		{2B20C42A-8FAE-4F55-8233-66599FED9139}.Debug|Any CPU.ActiveCfg = Debug|Any CPU
		{2B20C42A-8FAE-4F55-8233-66599FED9139}.Debug|Any CPU.Build.0 = Debug|Any CPU
		{2B20C42A-8FAE-4F55-8233-66599FED9139}.Debug|ARM.ActiveCfg = Debug|Any CPU
		{2B20C42A-8FAE-4F55-8233-66599FED9139}.Debug|x64.ActiveCfg = Debug|Any CPU
		{2B20C42A-8FAE-4F55-8233-66599FED9139}.Debug|x86.ActiveCfg = Debug|Any CPU
		{2B20C42A-8FAE-4F55-8233-66599FED9139}.Release|Any CPU.ActiveCfg = Release|Any CPU
		{2B20C42A-8FAE-4F55-8233-66599FED9139}.Release|Any CPU.Build.0 = Release|Any CPU
		{2B20C42A-8FAE-4F55-8233-66599FED9139}.Release|ARM.ActiveCfg = Release|Any CPU
		{2B20C42A-8FAE-4F55-8233-66599FED9139}.Release|x64.ActiveCfg = Release|Any CPU
		{2B20C42A-8FAE-4F55-8233-66599FED9139}.Release|x86.ActiveCfg = Release|Any CPU
		{BB6DC325-D732-4273-8CED-06AEF8D20A4E}.Debug|Any CPU.ActiveCfg = Debug|Any CPU
		{BB6DC325-D732-4273-8CED-06AEF8D20A4E}.Debug|Any CPU.Build.0 = Debug|Any CPU
		{BB6DC325-D732-4273-8CED-06AEF8D20A4E}.Debug|ARM.ActiveCfg = Debug|Any CPU
		{BB6DC325-D732-4273-8CED-06AEF8D20A4E}.Debug|x64.ActiveCfg = Debug|Any CPU
		{BB6DC325-D732-4273-8CED-06AEF8D20A4E}.Debug|x86.ActiveCfg = Debug|Any CPU
		{BB6DC325-D732-4273-8CED-06AEF8D20A4E}.Release|Any CPU.ActiveCfg = Release|Any CPU
		{BB6DC325-D732-4273-8CED-06AEF8D20A4E}.Release|Any CPU.Build.0 = Release|Any CPU
		{BB6DC325-D732-4273-8CED-06AEF8D20A4E}.Release|ARM.ActiveCfg = Release|Any CPU
		{BB6DC325-D732-4273-8CED-06AEF8D20A4E}.Release|x64.ActiveCfg = Release|Any CPU
		{BB6DC325-D732-4273-8CED-06AEF8D20A4E}.Release|x86.ActiveCfg = Release|Any CPU
		{AF741311-B81F-4338-A9B8-6CE59E74AB1E}.Debug|Any CPU.ActiveCfg = Debug|Any CPU
		{AF741311-B81F-4338-A9B8-6CE59E74AB1E}.Debug|Any CPU.Build.0 = Debug|Any CPU
		{AF741311-B81F-4338-A9B8-6CE59E74AB1E}.Debug|ARM.ActiveCfg = Debug|Any CPU
		{AF741311-B81F-4338-A9B8-6CE59E74AB1E}.Debug|x64.ActiveCfg = Debug|Any CPU
		{AF741311-B81F-4338-A9B8-6CE59E74AB1E}.Debug|x86.ActiveCfg = Debug|Any CPU
		{AF741311-B81F-4338-A9B8-6CE59E74AB1E}.Release|Any CPU.ActiveCfg = Release|Any CPU
		{AF741311-B81F-4338-A9B8-6CE59E74AB1E}.Release|Any CPU.Build.0 = Release|Any CPU
		{AF741311-B81F-4338-A9B8-6CE59E74AB1E}.Release|ARM.ActiveCfg = Release|Any CPU
		{AF741311-B81F-4338-A9B8-6CE59E74AB1E}.Release|x64.ActiveCfg = Release|Any CPU
		{AF741311-B81F-4338-A9B8-6CE59E74AB1E}.Release|x86.ActiveCfg = Release|Any CPU
		{929BB9FB-A044-426C-96AB-CBFCD4C5DA3D}.Debug|Any CPU.ActiveCfg = Debug|Any CPU
		{929BB9FB-A044-426C-96AB-CBFCD4C5DA3D}.Debug|Any CPU.Build.0 = Debug|Any CPU
		{929BB9FB-A044-426C-96AB-CBFCD4C5DA3D}.Debug|ARM.ActiveCfg = Debug|Any CPU
		{929BB9FB-A044-426C-96AB-CBFCD4C5DA3D}.Debug|x64.ActiveCfg = Debug|Any CPU
		{929BB9FB-A044-426C-96AB-CBFCD4C5DA3D}.Debug|x86.ActiveCfg = Debug|Any CPU
		{929BB9FB-A044-426C-96AB-CBFCD4C5DA3D}.Release|Any CPU.ActiveCfg = Release|Any CPU
		{929BB9FB-A044-426C-96AB-CBFCD4C5DA3D}.Release|Any CPU.Build.0 = Release|Any CPU
		{929BB9FB-A044-426C-96AB-CBFCD4C5DA3D}.Release|ARM.ActiveCfg = Release|Any CPU
		{929BB9FB-A044-426C-96AB-CBFCD4C5DA3D}.Release|x64.ActiveCfg = Release|Any CPU
		{929BB9FB-A044-426C-96AB-CBFCD4C5DA3D}.Release|x86.ActiveCfg = Release|Any CPU
		{5695297B-EAD9-49D0-BCFB-ADF9A3C4E5A5}.Debug|Any CPU.ActiveCfg = Debug|Any CPU
		{5695297B-EAD9-49D0-BCFB-ADF9A3C4E5A5}.Debug|Any CPU.Build.0 = Debug|Any CPU
		{5695297B-EAD9-49D0-BCFB-ADF9A3C4E5A5}.Debug|ARM.ActiveCfg = Debug|Any CPU
		{5695297B-EAD9-49D0-BCFB-ADF9A3C4E5A5}.Debug|x64.ActiveCfg = Debug|Any CPU
		{5695297B-EAD9-49D0-BCFB-ADF9A3C4E5A5}.Debug|x86.ActiveCfg = Debug|Any CPU
		{5695297B-EAD9-49D0-BCFB-ADF9A3C4E5A5}.Release|Any CPU.ActiveCfg = Release|Any CPU
		{5695297B-EAD9-49D0-BCFB-ADF9A3C4E5A5}.Release|Any CPU.Build.0 = Release|Any CPU
		{5695297B-EAD9-49D0-BCFB-ADF9A3C4E5A5}.Release|ARM.ActiveCfg = Release|Any CPU
		{5695297B-EAD9-49D0-BCFB-ADF9A3C4E5A5}.Release|x64.ActiveCfg = Release|Any CPU
		{5695297B-EAD9-49D0-BCFB-ADF9A3C4E5A5}.Release|x86.ActiveCfg = Release|Any CPU
		{3FA5C867-DF08-4DBC-960B-D79A616EE621}.Debug|Any CPU.ActiveCfg = Debug|Any CPU
		{3FA5C867-DF08-4DBC-960B-D79A616EE621}.Debug|Any CPU.Build.0 = Debug|Any CPU
		{3FA5C867-DF08-4DBC-960B-D79A616EE621}.Debug|ARM.ActiveCfg = Debug|Any CPU
		{3FA5C867-DF08-4DBC-960B-D79A616EE621}.Debug|x64.ActiveCfg = Debug|Any CPU
		{3FA5C867-DF08-4DBC-960B-D79A616EE621}.Debug|x86.ActiveCfg = Debug|Any CPU
		{3FA5C867-DF08-4DBC-960B-D79A616EE621}.Release|Any CPU.ActiveCfg = Release|Any CPU
		{3FA5C867-DF08-4DBC-960B-D79A616EE621}.Release|Any CPU.Build.0 = Release|Any CPU
		{3FA5C867-DF08-4DBC-960B-D79A616EE621}.Release|ARM.ActiveCfg = Release|Any CPU
		{3FA5C867-DF08-4DBC-960B-D79A616EE621}.Release|x64.ActiveCfg = Release|Any CPU
		{3FA5C867-DF08-4DBC-960B-D79A616EE621}.Release|x86.ActiveCfg = Release|Any CPU
		{3418536B-D14E-495D-AD34-275080393F5F}.Debug|Any CPU.ActiveCfg = Debug|Any CPU
		{3418536B-D14E-495D-AD34-275080393F5F}.Debug|Any CPU.Build.0 = Debug|Any CPU
		{3418536B-D14E-495D-AD34-275080393F5F}.Debug|ARM.ActiveCfg = Debug|Any CPU
		{3418536B-D14E-495D-AD34-275080393F5F}.Debug|x64.ActiveCfg = Debug|Any CPU
		{3418536B-D14E-495D-AD34-275080393F5F}.Debug|x86.ActiveCfg = Debug|Any CPU
		{3418536B-D14E-495D-AD34-275080393F5F}.Release|Any CPU.ActiveCfg = Release|Any CPU
		{3418536B-D14E-495D-AD34-275080393F5F}.Release|Any CPU.Build.0 = Release|Any CPU
		{3418536B-D14E-495D-AD34-275080393F5F}.Release|ARM.ActiveCfg = Release|Any CPU
		{3418536B-D14E-495D-AD34-275080393F5F}.Release|x64.ActiveCfg = Release|Any CPU
		{3418536B-D14E-495D-AD34-275080393F5F}.Release|x86.ActiveCfg = Release|Any CPU
		{39CA8405-77B2-478A-BA70-7DB852A70D95}.Debug|Any CPU.ActiveCfg = Debug|Any CPU
		{39CA8405-77B2-478A-BA70-7DB852A70D95}.Debug|Any CPU.Build.0 = Debug|Any CPU
		{39CA8405-77B2-478A-BA70-7DB852A70D95}.Debug|ARM.ActiveCfg = Debug|Any CPU
		{39CA8405-77B2-478A-BA70-7DB852A70D95}.Debug|x64.ActiveCfg = Debug|Any CPU
		{39CA8405-77B2-478A-BA70-7DB852A70D95}.Debug|x86.ActiveCfg = Debug|Any CPU
		{39CA8405-77B2-478A-BA70-7DB852A70D95}.Release|Any CPU.ActiveCfg = Release|Any CPU
		{39CA8405-77B2-478A-BA70-7DB852A70D95}.Release|Any CPU.Build.0 = Release|Any CPU
		{39CA8405-77B2-478A-BA70-7DB852A70D95}.Release|ARM.ActiveCfg = Release|Any CPU
		{39CA8405-77B2-478A-BA70-7DB852A70D95}.Release|x64.ActiveCfg = Release|Any CPU
		{39CA8405-77B2-478A-BA70-7DB852A70D95}.Release|x86.ActiveCfg = Release|Any CPU
		{1CA22887-1D1A-47E9-95B6-85ADE7C40EC1}.Debug|Any CPU.ActiveCfg = Debug|Any CPU
		{1CA22887-1D1A-47E9-95B6-85ADE7C40EC1}.Debug|Any CPU.Build.0 = Debug|Any CPU
		{1CA22887-1D1A-47E9-95B6-85ADE7C40EC1}.Debug|ARM.ActiveCfg = Debug|Any CPU
		{1CA22887-1D1A-47E9-95B6-85ADE7C40EC1}.Debug|x64.ActiveCfg = Debug|Any CPU
		{1CA22887-1D1A-47E9-95B6-85ADE7C40EC1}.Debug|x86.ActiveCfg = Debug|Any CPU
		{1CA22887-1D1A-47E9-95B6-85ADE7C40EC1}.Release|Any CPU.ActiveCfg = Release|Any CPU
		{1CA22887-1D1A-47E9-95B6-85ADE7C40EC1}.Release|Any CPU.Build.0 = Release|Any CPU
		{1CA22887-1D1A-47E9-95B6-85ADE7C40EC1}.Release|ARM.ActiveCfg = Release|Any CPU
		{1CA22887-1D1A-47E9-95B6-85ADE7C40EC1}.Release|x64.ActiveCfg = Release|Any CPU
		{1CA22887-1D1A-47E9-95B6-85ADE7C40EC1}.Release|x86.ActiveCfg = Release|Any CPU
		{E5C4D39F-85FD-4AFD-B6E6-C3CA408BD08B}.Debug|Any CPU.ActiveCfg = Debug|Any CPU
		{E5C4D39F-85FD-4AFD-B6E6-C3CA408BD08B}.Debug|Any CPU.Build.0 = Debug|Any CPU
		{E5C4D39F-85FD-4AFD-B6E6-C3CA408BD08B}.Debug|ARM.ActiveCfg = Debug|Any CPU
		{E5C4D39F-85FD-4AFD-B6E6-C3CA408BD08B}.Debug|x64.ActiveCfg = Debug|Any CPU
		{E5C4D39F-85FD-4AFD-B6E6-C3CA408BD08B}.Debug|x86.ActiveCfg = Debug|Any CPU
		{E5C4D39F-85FD-4AFD-B6E6-C3CA408BD08B}.Release|Any CPU.ActiveCfg = Release|Any CPU
		{E5C4D39F-85FD-4AFD-B6E6-C3CA408BD08B}.Release|Any CPU.Build.0 = Release|Any CPU
		{E5C4D39F-85FD-4AFD-B6E6-C3CA408BD08B}.Release|ARM.ActiveCfg = Release|Any CPU
		{E5C4D39F-85FD-4AFD-B6E6-C3CA408BD08B}.Release|x64.ActiveCfg = Release|Any CPU
		{E5C4D39F-85FD-4AFD-B6E6-C3CA408BD08B}.Release|x86.ActiveCfg = Release|Any CPU
		{8A669C19-7077-4F89-9D21-58945C110F64}.Debug|Any CPU.ActiveCfg = Debug|Any CPU
		{8A669C19-7077-4F89-9D21-58945C110F64}.Debug|Any CPU.Build.0 = Debug|Any CPU
		{8A669C19-7077-4F89-9D21-58945C110F64}.Debug|ARM.ActiveCfg = Debug|Any CPU
		{8A669C19-7077-4F89-9D21-58945C110F64}.Debug|x64.ActiveCfg = Debug|Any CPU
		{8A669C19-7077-4F89-9D21-58945C110F64}.Debug|x86.ActiveCfg = Debug|Any CPU
		{8A669C19-7077-4F89-9D21-58945C110F64}.Release|Any CPU.ActiveCfg = Release|Any CPU
		{8A669C19-7077-4F89-9D21-58945C110F64}.Release|Any CPU.Build.0 = Release|Any CPU
		{8A669C19-7077-4F89-9D21-58945C110F64}.Release|ARM.ActiveCfg = Release|Any CPU
		{8A669C19-7077-4F89-9D21-58945C110F64}.Release|x64.ActiveCfg = Release|Any CPU
		{8A669C19-7077-4F89-9D21-58945C110F64}.Release|x86.ActiveCfg = Release|Any CPU
		{B413664D-3774-4F15-BF67-EB0B0411216E}.Debug|Any CPU.ActiveCfg = Debug|Any CPU
		{B413664D-3774-4F15-BF67-EB0B0411216E}.Debug|Any CPU.Build.0 = Debug|Any CPU
		{B413664D-3774-4F15-BF67-EB0B0411216E}.Debug|ARM.ActiveCfg = Debug|Any CPU
		{B413664D-3774-4F15-BF67-EB0B0411216E}.Debug|x64.ActiveCfg = Debug|Any CPU
		{B413664D-3774-4F15-BF67-EB0B0411216E}.Debug|x86.ActiveCfg = Debug|Any CPU
		{B413664D-3774-4F15-BF67-EB0B0411216E}.Release|Any CPU.ActiveCfg = Release|Any CPU
		{B413664D-3774-4F15-BF67-EB0B0411216E}.Release|Any CPU.Build.0 = Release|Any CPU
		{B413664D-3774-4F15-BF67-EB0B0411216E}.Release|ARM.ActiveCfg = Release|Any CPU
		{B413664D-3774-4F15-BF67-EB0B0411216E}.Release|x64.ActiveCfg = Release|Any CPU
		{B413664D-3774-4F15-BF67-EB0B0411216E}.Release|x86.ActiveCfg = Release|Any CPU
		{5971A850-4626-4F2F-8B0E-F42AA491389A}.Debug|Any CPU.ActiveCfg = Debug|Any CPU
		{5971A850-4626-4F2F-8B0E-F42AA491389A}.Debug|Any CPU.Build.0 = Debug|Any CPU
		{5971A850-4626-4F2F-8B0E-F42AA491389A}.Debug|ARM.ActiveCfg = Debug|Any CPU
		{5971A850-4626-4F2F-8B0E-F42AA491389A}.Debug|x64.ActiveCfg = Debug|Any CPU
		{5971A850-4626-4F2F-8B0E-F42AA491389A}.Debug|x86.ActiveCfg = Debug|Any CPU
		{5971A850-4626-4F2F-8B0E-F42AA491389A}.Release|Any CPU.ActiveCfg = Release|Any CPU
		{5971A850-4626-4F2F-8B0E-F42AA491389A}.Release|Any CPU.Build.0 = Release|Any CPU
		{5971A850-4626-4F2F-8B0E-F42AA491389A}.Release|ARM.ActiveCfg = Release|Any CPU
		{5971A850-4626-4F2F-8B0E-F42AA491389A}.Release|x64.ActiveCfg = Release|Any CPU
		{5971A850-4626-4F2F-8B0E-F42AA491389A}.Release|x86.ActiveCfg = Release|Any CPU
		{911E722A-20D9-47AE-AD45-F73BBDF4F772}.Debug|Any CPU.ActiveCfg = Debug|Any CPU
		{911E722A-20D9-47AE-AD45-F73BBDF4F772}.Debug|Any CPU.Build.0 = Debug|Any CPU
		{911E722A-20D9-47AE-AD45-F73BBDF4F772}.Debug|ARM.ActiveCfg = Debug|Any CPU
		{911E722A-20D9-47AE-AD45-F73BBDF4F772}.Debug|x64.ActiveCfg = Debug|Any CPU
		{911E722A-20D9-47AE-AD45-F73BBDF4F772}.Debug|x86.ActiveCfg = Debug|Any CPU
		{911E722A-20D9-47AE-AD45-F73BBDF4F772}.Release|Any CPU.ActiveCfg = Release|Any CPU
		{911E722A-20D9-47AE-AD45-F73BBDF4F772}.Release|Any CPU.Build.0 = Release|Any CPU
		{911E722A-20D9-47AE-AD45-F73BBDF4F772}.Release|ARM.ActiveCfg = Release|Any CPU
		{911E722A-20D9-47AE-AD45-F73BBDF4F772}.Release|x64.ActiveCfg = Release|Any CPU
		{911E722A-20D9-47AE-AD45-F73BBDF4F772}.Release|x86.ActiveCfg = Release|Any CPU
		{8221C873-FEDF-431C-B549-8D7B4F8A6E2B}.Debug|Any CPU.ActiveCfg = Debug|Any CPU
		{8221C873-FEDF-431C-B549-8D7B4F8A6E2B}.Debug|Any CPU.Build.0 = Debug|Any CPU
		{8221C873-FEDF-431C-B549-8D7B4F8A6E2B}.Debug|ARM.ActiveCfg = Debug|Any CPU
		{8221C873-FEDF-431C-B549-8D7B4F8A6E2B}.Debug|x64.ActiveCfg = Debug|Any CPU
		{8221C873-FEDF-431C-B549-8D7B4F8A6E2B}.Debug|x86.ActiveCfg = Debug|Any CPU
		{8221C873-FEDF-431C-B549-8D7B4F8A6E2B}.Release|Any CPU.ActiveCfg = Release|Any CPU
		{8221C873-FEDF-431C-B549-8D7B4F8A6E2B}.Release|Any CPU.Build.0 = Release|Any CPU
		{8221C873-FEDF-431C-B549-8D7B4F8A6E2B}.Release|ARM.ActiveCfg = Release|Any CPU
		{8221C873-FEDF-431C-B549-8D7B4F8A6E2B}.Release|x64.ActiveCfg = Release|Any CPU
		{8221C873-FEDF-431C-B549-8D7B4F8A6E2B}.Release|x86.ActiveCfg = Release|Any CPU
		{0E9D95A6-2590-40FE-965A-B6F8E6FA14F0}.Debug|Any CPU.ActiveCfg = Debug|Any CPU
		{0E9D95A6-2590-40FE-965A-B6F8E6FA14F0}.Debug|Any CPU.Build.0 = Debug|Any CPU
		{0E9D95A6-2590-40FE-965A-B6F8E6FA14F0}.Debug|ARM.ActiveCfg = Debug|Any CPU
		{0E9D95A6-2590-40FE-965A-B6F8E6FA14F0}.Debug|x64.ActiveCfg = Debug|Any CPU
		{0E9D95A6-2590-40FE-965A-B6F8E6FA14F0}.Debug|x86.ActiveCfg = Debug|Any CPU
		{0E9D95A6-2590-40FE-965A-B6F8E6FA14F0}.Release|Any CPU.ActiveCfg = Release|Any CPU
		{0E9D95A6-2590-40FE-965A-B6F8E6FA14F0}.Release|Any CPU.Build.0 = Release|Any CPU
		{0E9D95A6-2590-40FE-965A-B6F8E6FA14F0}.Release|ARM.ActiveCfg = Release|Any CPU
		{0E9D95A6-2590-40FE-965A-B6F8E6FA14F0}.Release|x64.ActiveCfg = Release|Any CPU
		{0E9D95A6-2590-40FE-965A-B6F8E6FA14F0}.Release|x86.ActiveCfg = Release|Any CPU
		{B29FABC8-9832-4D32-9C7D-3ABCB9C07977}.Debug|Any CPU.ActiveCfg = Debug|Any CPU
		{B29FABC8-9832-4D32-9C7D-3ABCB9C07977}.Debug|Any CPU.Build.0 = Debug|Any CPU
		{B29FABC8-9832-4D32-9C7D-3ABCB9C07977}.Debug|ARM.ActiveCfg = Debug|Any CPU
		{B29FABC8-9832-4D32-9C7D-3ABCB9C07977}.Debug|x64.ActiveCfg = Debug|Any CPU
		{B29FABC8-9832-4D32-9C7D-3ABCB9C07977}.Debug|x86.ActiveCfg = Debug|Any CPU
		{B29FABC8-9832-4D32-9C7D-3ABCB9C07977}.Release|Any CPU.ActiveCfg = Release|Any CPU
		{B29FABC8-9832-4D32-9C7D-3ABCB9C07977}.Release|Any CPU.Build.0 = Release|Any CPU
		{B29FABC8-9832-4D32-9C7D-3ABCB9C07977}.Release|ARM.ActiveCfg = Release|Any CPU
		{B29FABC8-9832-4D32-9C7D-3ABCB9C07977}.Release|x64.ActiveCfg = Release|Any CPU
		{B29FABC8-9832-4D32-9C7D-3ABCB9C07977}.Release|x86.ActiveCfg = Release|Any CPU
		{7866F442-7FC6-49A2-93C3-5FC215EA9894}.Debug|Any CPU.ActiveCfg = Debug|Any CPU
		{7866F442-7FC6-49A2-93C3-5FC215EA9894}.Debug|Any CPU.Build.0 = Debug|Any CPU
		{7866F442-7FC6-49A2-93C3-5FC215EA9894}.Debug|ARM.ActiveCfg = Debug|Any CPU
		{7866F442-7FC6-49A2-93C3-5FC215EA9894}.Debug|x64.ActiveCfg = Debug|Any CPU
		{7866F442-7FC6-49A2-93C3-5FC215EA9894}.Debug|x86.ActiveCfg = Debug|Any CPU
		{7866F442-7FC6-49A2-93C3-5FC215EA9894}.Release|Any CPU.ActiveCfg = Release|Any CPU
		{7866F442-7FC6-49A2-93C3-5FC215EA9894}.Release|Any CPU.Build.0 = Release|Any CPU
		{7866F442-7FC6-49A2-93C3-5FC215EA9894}.Release|ARM.ActiveCfg = Release|Any CPU
		{7866F442-7FC6-49A2-93C3-5FC215EA9894}.Release|x64.ActiveCfg = Release|Any CPU
		{7866F442-7FC6-49A2-93C3-5FC215EA9894}.Release|x86.ActiveCfg = Release|Any CPU
		{A2510733-5625-4FDD-B66F-18A24D652B3C}.Debug|Any CPU.ActiveCfg = Debug|Any CPU
		{A2510733-5625-4FDD-B66F-18A24D652B3C}.Debug|Any CPU.Build.0 = Debug|Any CPU
		{A2510733-5625-4FDD-B66F-18A24D652B3C}.Debug|ARM.ActiveCfg = Debug|Any CPU
		{A2510733-5625-4FDD-B66F-18A24D652B3C}.Debug|x64.ActiveCfg = Debug|Any CPU
		{A2510733-5625-4FDD-B66F-18A24D652B3C}.Debug|x86.ActiveCfg = Debug|Any CPU
		{A2510733-5625-4FDD-B66F-18A24D652B3C}.Release|Any CPU.ActiveCfg = Release|Any CPU
		{A2510733-5625-4FDD-B66F-18A24D652B3C}.Release|Any CPU.Build.0 = Release|Any CPU
		{A2510733-5625-4FDD-B66F-18A24D652B3C}.Release|ARM.ActiveCfg = Release|Any CPU
		{A2510733-5625-4FDD-B66F-18A24D652B3C}.Release|x64.ActiveCfg = Release|Any CPU
		{A2510733-5625-4FDD-B66F-18A24D652B3C}.Release|x86.ActiveCfg = Release|Any CPU
		{035B2D02-F827-4D01-9A49-8A3E6EAE5A2E}.Debug|Any CPU.ActiveCfg = Debug|Any CPU
		{035B2D02-F827-4D01-9A49-8A3E6EAE5A2E}.Debug|Any CPU.Build.0 = Debug|Any CPU
		{035B2D02-F827-4D01-9A49-8A3E6EAE5A2E}.Debug|ARM.ActiveCfg = Debug|Any CPU
		{035B2D02-F827-4D01-9A49-8A3E6EAE5A2E}.Debug|x64.ActiveCfg = Debug|Any CPU
		{035B2D02-F827-4D01-9A49-8A3E6EAE5A2E}.Debug|x86.ActiveCfg = Debug|Any CPU
		{035B2D02-F827-4D01-9A49-8A3E6EAE5A2E}.Release|Any CPU.ActiveCfg = Release|Any CPU
		{035B2D02-F827-4D01-9A49-8A3E6EAE5A2E}.Release|Any CPU.Build.0 = Release|Any CPU
		{035B2D02-F827-4D01-9A49-8A3E6EAE5A2E}.Release|ARM.ActiveCfg = Release|Any CPU
		{035B2D02-F827-4D01-9A49-8A3E6EAE5A2E}.Release|x64.ActiveCfg = Release|Any CPU
		{035B2D02-F827-4D01-9A49-8A3E6EAE5A2E}.Release|x86.ActiveCfg = Release|Any CPU
		{52B8796E-AA24-4304-B42D-EDB26124F24B}.Debug|Any CPU.ActiveCfg = Debug|Any CPU
		{52B8796E-AA24-4304-B42D-EDB26124F24B}.Debug|Any CPU.Build.0 = Debug|Any CPU
		{52B8796E-AA24-4304-B42D-EDB26124F24B}.Debug|ARM.ActiveCfg = Debug|Any CPU
		{52B8796E-AA24-4304-B42D-EDB26124F24B}.Debug|x64.ActiveCfg = Debug|Any CPU
		{52B8796E-AA24-4304-B42D-EDB26124F24B}.Debug|x86.ActiveCfg = Debug|Any CPU
		{52B8796E-AA24-4304-B42D-EDB26124F24B}.Release|Any CPU.ActiveCfg = Release|Any CPU
		{52B8796E-AA24-4304-B42D-EDB26124F24B}.Release|Any CPU.Build.0 = Release|Any CPU
		{52B8796E-AA24-4304-B42D-EDB26124F24B}.Release|ARM.ActiveCfg = Release|Any CPU
		{52B8796E-AA24-4304-B42D-EDB26124F24B}.Release|x64.ActiveCfg = Release|Any CPU
		{52B8796E-AA24-4304-B42D-EDB26124F24B}.Release|x86.ActiveCfg = Release|Any CPU
		{487880F6-3EBD-44B6-9D22-26BDEFB59670}.Debug|Any CPU.ActiveCfg = Debug|Any CPU
		{487880F6-3EBD-44B6-9D22-26BDEFB59670}.Debug|Any CPU.Build.0 = Debug|Any CPU
		{487880F6-3EBD-44B6-9D22-26BDEFB59670}.Debug|ARM.ActiveCfg = Debug|Any CPU
		{487880F6-3EBD-44B6-9D22-26BDEFB59670}.Debug|x64.ActiveCfg = Debug|Any CPU
		{487880F6-3EBD-44B6-9D22-26BDEFB59670}.Debug|x86.ActiveCfg = Debug|Any CPU
		{487880F6-3EBD-44B6-9D22-26BDEFB59670}.Release|Any CPU.ActiveCfg = Release|Any CPU
		{487880F6-3EBD-44B6-9D22-26BDEFB59670}.Release|Any CPU.Build.0 = Release|Any CPU
		{487880F6-3EBD-44B6-9D22-26BDEFB59670}.Release|ARM.ActiveCfg = Release|Any CPU
		{487880F6-3EBD-44B6-9D22-26BDEFB59670}.Release|x64.ActiveCfg = Release|Any CPU
		{487880F6-3EBD-44B6-9D22-26BDEFB59670}.Release|x86.ActiveCfg = Release|Any CPU
		{94AF2ABB-42B7-4AB0-B14F-5FFFFD6B40A3}.Debug|Any CPU.ActiveCfg = Debug|Any CPU
		{94AF2ABB-42B7-4AB0-B14F-5FFFFD6B40A3}.Debug|Any CPU.Build.0 = Debug|Any CPU
		{94AF2ABB-42B7-4AB0-B14F-5FFFFD6B40A3}.Debug|ARM.ActiveCfg = Debug|Any CPU
		{94AF2ABB-42B7-4AB0-B14F-5FFFFD6B40A3}.Debug|x64.ActiveCfg = Debug|Any CPU
		{94AF2ABB-42B7-4AB0-B14F-5FFFFD6B40A3}.Debug|x86.ActiveCfg = Debug|Any CPU
		{94AF2ABB-42B7-4AB0-B14F-5FFFFD6B40A3}.Release|Any CPU.ActiveCfg = Release|Any CPU
		{94AF2ABB-42B7-4AB0-B14F-5FFFFD6B40A3}.Release|Any CPU.Build.0 = Release|Any CPU
		{94AF2ABB-42B7-4AB0-B14F-5FFFFD6B40A3}.Release|ARM.ActiveCfg = Release|Any CPU
		{94AF2ABB-42B7-4AB0-B14F-5FFFFD6B40A3}.Release|x64.ActiveCfg = Release|Any CPU
		{94AF2ABB-42B7-4AB0-B14F-5FFFFD6B40A3}.Release|x86.ActiveCfg = Release|Any CPU
		{906E80FA-740F-42A9-A17C-22A09D81CEE8}.Debug|Any CPU.ActiveCfg = Debug|Any CPU
		{906E80FA-740F-42A9-A17C-22A09D81CEE8}.Debug|Any CPU.Build.0 = Debug|Any CPU
		{906E80FA-740F-42A9-A17C-22A09D81CEE8}.Debug|ARM.ActiveCfg = Debug|Any CPU
		{906E80FA-740F-42A9-A17C-22A09D81CEE8}.Debug|x64.ActiveCfg = Debug|Any CPU
		{906E80FA-740F-42A9-A17C-22A09D81CEE8}.Debug|x86.ActiveCfg = Debug|Any CPU
		{906E80FA-740F-42A9-A17C-22A09D81CEE8}.Release|Any CPU.ActiveCfg = Release|Any CPU
		{906E80FA-740F-42A9-A17C-22A09D81CEE8}.Release|Any CPU.Build.0 = Release|Any CPU
		{906E80FA-740F-42A9-A17C-22A09D81CEE8}.Release|ARM.ActiveCfg = Release|Any CPU
		{906E80FA-740F-42A9-A17C-22A09D81CEE8}.Release|x64.ActiveCfg = Release|Any CPU
		{906E80FA-740F-42A9-A17C-22A09D81CEE8}.Release|x86.ActiveCfg = Release|Any CPU
		{4706FC46-2060-4A1C-8E40-DE44E6ABB68F}.Debug|Any CPU.ActiveCfg = Debug|Any CPU
		{4706FC46-2060-4A1C-8E40-DE44E6ABB68F}.Debug|Any CPU.Build.0 = Debug|Any CPU
		{4706FC46-2060-4A1C-8E40-DE44E6ABB68F}.Debug|ARM.ActiveCfg = Debug|Any CPU
		{4706FC46-2060-4A1C-8E40-DE44E6ABB68F}.Debug|x64.ActiveCfg = Debug|Any CPU
		{4706FC46-2060-4A1C-8E40-DE44E6ABB68F}.Debug|x86.ActiveCfg = Debug|Any CPU
		{4706FC46-2060-4A1C-8E40-DE44E6ABB68F}.Release|Any CPU.ActiveCfg = Release|Any CPU
		{4706FC46-2060-4A1C-8E40-DE44E6ABB68F}.Release|Any CPU.Build.0 = Release|Any CPU
		{4706FC46-2060-4A1C-8E40-DE44E6ABB68F}.Release|ARM.ActiveCfg = Release|Any CPU
		{4706FC46-2060-4A1C-8E40-DE44E6ABB68F}.Release|x64.ActiveCfg = Release|Any CPU
		{4706FC46-2060-4A1C-8E40-DE44E6ABB68F}.Release|x86.ActiveCfg = Release|Any CPU
		{C7642AB6-0EED-446E-BD0B-4C2B78887419}.Debug|Any CPU.ActiveCfg = Debug|Any CPU
		{C7642AB6-0EED-446E-BD0B-4C2B78887419}.Debug|Any CPU.Build.0 = Debug|Any CPU
		{C7642AB6-0EED-446E-BD0B-4C2B78887419}.Debug|ARM.ActiveCfg = Debug|Any CPU
		{C7642AB6-0EED-446E-BD0B-4C2B78887419}.Debug|x64.ActiveCfg = Debug|Any CPU
		{C7642AB6-0EED-446E-BD0B-4C2B78887419}.Debug|x86.ActiveCfg = Debug|Any CPU
		{C7642AB6-0EED-446E-BD0B-4C2B78887419}.Release|Any CPU.ActiveCfg = Release|Any CPU
		{C7642AB6-0EED-446E-BD0B-4C2B78887419}.Release|Any CPU.Build.0 = Release|Any CPU
		{C7642AB6-0EED-446E-BD0B-4C2B78887419}.Release|ARM.ActiveCfg = Release|Any CPU
		{C7642AB6-0EED-446E-BD0B-4C2B78887419}.Release|x64.ActiveCfg = Release|Any CPU
		{C7642AB6-0EED-446E-BD0B-4C2B78887419}.Release|x86.ActiveCfg = Release|Any CPU
		{332C287D-6925-4FF1-B1D0-C85721BB9F5C}.Debug|Any CPU.ActiveCfg = Debug|Any CPU
		{332C287D-6925-4FF1-B1D0-C85721BB9F5C}.Debug|Any CPU.Build.0 = Debug|Any CPU
		{332C287D-6925-4FF1-B1D0-C85721BB9F5C}.Debug|ARM.ActiveCfg = Debug|Any CPU
		{332C287D-6925-4FF1-B1D0-C85721BB9F5C}.Debug|x64.ActiveCfg = Debug|Any CPU
		{332C287D-6925-4FF1-B1D0-C85721BB9F5C}.Debug|x86.ActiveCfg = Debug|Any CPU
		{332C287D-6925-4FF1-B1D0-C85721BB9F5C}.Release|Any CPU.ActiveCfg = Release|Any CPU
		{332C287D-6925-4FF1-B1D0-C85721BB9F5C}.Release|Any CPU.Build.0 = Release|Any CPU
		{332C287D-6925-4FF1-B1D0-C85721BB9F5C}.Release|ARM.ActiveCfg = Release|Any CPU
		{332C287D-6925-4FF1-B1D0-C85721BB9F5C}.Release|x64.ActiveCfg = Release|Any CPU
		{332C287D-6925-4FF1-B1D0-C85721BB9F5C}.Release|x86.ActiveCfg = Release|Any CPU
		{E0CB602B-C58C-44D5-A6F0-B7060DC71C4F}.Debug|Any CPU.ActiveCfg = Debug|Any CPU
		{E0CB602B-C58C-44D5-A6F0-B7060DC71C4F}.Debug|Any CPU.Build.0 = Debug|Any CPU
		{E0CB602B-C58C-44D5-A6F0-B7060DC71C4F}.Debug|ARM.ActiveCfg = Debug|Any CPU
		{E0CB602B-C58C-44D5-A6F0-B7060DC71C4F}.Debug|x64.ActiveCfg = Debug|Any CPU
		{E0CB602B-C58C-44D5-A6F0-B7060DC71C4F}.Debug|x86.ActiveCfg = Debug|Any CPU
		{E0CB602B-C58C-44D5-A6F0-B7060DC71C4F}.Release|Any CPU.ActiveCfg = Release|Any CPU
		{E0CB602B-C58C-44D5-A6F0-B7060DC71C4F}.Release|Any CPU.Build.0 = Release|Any CPU
		{E0CB602B-C58C-44D5-A6F0-B7060DC71C4F}.Release|ARM.ActiveCfg = Release|Any CPU
		{E0CB602B-C58C-44D5-A6F0-B7060DC71C4F}.Release|x64.ActiveCfg = Release|Any CPU
		{E0CB602B-C58C-44D5-A6F0-B7060DC71C4F}.Release|x86.ActiveCfg = Release|Any CPU
		{44E76102-A111-4B3F-A743-ECB861BD3089}.Debug|Any CPU.ActiveCfg = Debug|Any CPU
		{44E76102-A111-4B3F-A743-ECB861BD3089}.Debug|Any CPU.Build.0 = Debug|Any CPU
		{44E76102-A111-4B3F-A743-ECB861BD3089}.Debug|ARM.ActiveCfg = Debug|Any CPU
		{44E76102-A111-4B3F-A743-ECB861BD3089}.Debug|x64.ActiveCfg = Debug|Any CPU
		{44E76102-A111-4B3F-A743-ECB861BD3089}.Debug|x86.ActiveCfg = Debug|Any CPU
		{44E76102-A111-4B3F-A743-ECB861BD3089}.Release|Any CPU.ActiveCfg = Release|Any CPU
		{44E76102-A111-4B3F-A743-ECB861BD3089}.Release|Any CPU.Build.0 = Release|Any CPU
		{44E76102-A111-4B3F-A743-ECB861BD3089}.Release|ARM.ActiveCfg = Release|Any CPU
		{44E76102-A111-4B3F-A743-ECB861BD3089}.Release|x64.ActiveCfg = Release|Any CPU
		{44E76102-A111-4B3F-A743-ECB861BD3089}.Release|x86.ActiveCfg = Release|Any CPU
		{1197CF25-AF8D-428D-8BB1-8C465F8879B3}.Debug|Any CPU.ActiveCfg = Debug|Any CPU
		{1197CF25-AF8D-428D-8BB1-8C465F8879B3}.Debug|Any CPU.Build.0 = Debug|Any CPU
		{1197CF25-AF8D-428D-8BB1-8C465F8879B3}.Debug|ARM.ActiveCfg = Debug|Any CPU
		{1197CF25-AF8D-428D-8BB1-8C465F8879B3}.Debug|x64.ActiveCfg = Debug|Any CPU
		{1197CF25-AF8D-428D-8BB1-8C465F8879B3}.Debug|x86.ActiveCfg = Debug|Any CPU
		{1197CF25-AF8D-428D-8BB1-8C465F8879B3}.Release|Any CPU.ActiveCfg = Release|Any CPU
		{1197CF25-AF8D-428D-8BB1-8C465F8879B3}.Release|Any CPU.Build.0 = Release|Any CPU
		{1197CF25-AF8D-428D-8BB1-8C465F8879B3}.Release|ARM.ActiveCfg = Release|Any CPU
		{1197CF25-AF8D-428D-8BB1-8C465F8879B3}.Release|x64.ActiveCfg = Release|Any CPU
		{1197CF25-AF8D-428D-8BB1-8C465F8879B3}.Release|x86.ActiveCfg = Release|Any CPU
		{D7CDFD40-B8E7-4222-9E8E-B67EBBD91AC7}.Debug|Any CPU.ActiveCfg = Debug|Any CPU
		{D7CDFD40-B8E7-4222-9E8E-B67EBBD91AC7}.Debug|Any CPU.Build.0 = Debug|Any CPU
		{D7CDFD40-B8E7-4222-9E8E-B67EBBD91AC7}.Debug|Any CPU.Deploy.0 = Debug|Any CPU
		{D7CDFD40-B8E7-4222-9E8E-B67EBBD91AC7}.Debug|ARM.ActiveCfg = Debug|ARM
		{D7CDFD40-B8E7-4222-9E8E-B67EBBD91AC7}.Debug|ARM.Build.0 = Debug|ARM
		{D7CDFD40-B8E7-4222-9E8E-B67EBBD91AC7}.Debug|ARM.Deploy.0 = Debug|ARM
		{D7CDFD40-B8E7-4222-9E8E-B67EBBD91AC7}.Debug|x64.ActiveCfg = Debug|x64
		{D7CDFD40-B8E7-4222-9E8E-B67EBBD91AC7}.Debug|x64.Build.0 = Debug|x64
		{D7CDFD40-B8E7-4222-9E8E-B67EBBD91AC7}.Debug|x64.Deploy.0 = Debug|x64
		{D7CDFD40-B8E7-4222-9E8E-B67EBBD91AC7}.Debug|x86.ActiveCfg = Debug|x86
		{D7CDFD40-B8E7-4222-9E8E-B67EBBD91AC7}.Debug|x86.Build.0 = Debug|x86
		{D7CDFD40-B8E7-4222-9E8E-B67EBBD91AC7}.Debug|x86.Deploy.0 = Debug|x86
		{D7CDFD40-B8E7-4222-9E8E-B67EBBD91AC7}.Release|Any CPU.ActiveCfg = Release|Any CPU
		{D7CDFD40-B8E7-4222-9E8E-B67EBBD91AC7}.Release|Any CPU.Build.0 = Release|Any CPU
		{D7CDFD40-B8E7-4222-9E8E-B67EBBD91AC7}.Release|Any CPU.Deploy.0 = Release|Any CPU
		{D7CDFD40-B8E7-4222-9E8E-B67EBBD91AC7}.Release|ARM.ActiveCfg = Release|ARM
		{D7CDFD40-B8E7-4222-9E8E-B67EBBD91AC7}.Release|ARM.Build.0 = Release|ARM
		{D7CDFD40-B8E7-4222-9E8E-B67EBBD91AC7}.Release|ARM.Deploy.0 = Release|ARM
		{D7CDFD40-B8E7-4222-9E8E-B67EBBD91AC7}.Release|x64.ActiveCfg = Release|x64
		{D7CDFD40-B8E7-4222-9E8E-B67EBBD91AC7}.Release|x64.Build.0 = Release|x64
		{D7CDFD40-B8E7-4222-9E8E-B67EBBD91AC7}.Release|x64.Deploy.0 = Release|x64
		{D7CDFD40-B8E7-4222-9E8E-B67EBBD91AC7}.Release|x86.ActiveCfg = Release|x86
		{D7CDFD40-B8E7-4222-9E8E-B67EBBD91AC7}.Release|x86.Build.0 = Release|x86
		{D7CDFD40-B8E7-4222-9E8E-B67EBBD91AC7}.Release|x86.Deploy.0 = Release|x86
		{9737A853-6352-42D5-89ED-1E3B4ACE05A9}.Debug|Any CPU.ActiveCfg = Debug|Any CPU
		{9737A853-6352-42D5-89ED-1E3B4ACE05A9}.Debug|Any CPU.Build.0 = Debug|Any CPU
		{9737A853-6352-42D5-89ED-1E3B4ACE05A9}.Debug|Any CPU.Deploy.0 = Debug|Any CPU
		{9737A853-6352-42D5-89ED-1E3B4ACE05A9}.Debug|ARM.ActiveCfg = Debug|ARM
		{9737A853-6352-42D5-89ED-1E3B4ACE05A9}.Debug|ARM.Build.0 = Debug|ARM
		{9737A853-6352-42D5-89ED-1E3B4ACE05A9}.Debug|ARM.Deploy.0 = Debug|ARM
		{9737A853-6352-42D5-89ED-1E3B4ACE05A9}.Debug|x64.ActiveCfg = Debug|x64
		{9737A853-6352-42D5-89ED-1E3B4ACE05A9}.Debug|x64.Build.0 = Debug|x64
		{9737A853-6352-42D5-89ED-1E3B4ACE05A9}.Debug|x64.Deploy.0 = Debug|x64
		{9737A853-6352-42D5-89ED-1E3B4ACE05A9}.Debug|x86.ActiveCfg = Debug|x86
		{9737A853-6352-42D5-89ED-1E3B4ACE05A9}.Debug|x86.Build.0 = Debug|x86
		{9737A853-6352-42D5-89ED-1E3B4ACE05A9}.Debug|x86.Deploy.0 = Debug|x86
		{9737A853-6352-42D5-89ED-1E3B4ACE05A9}.Release|Any CPU.ActiveCfg = Release|Any CPU
		{9737A853-6352-42D5-89ED-1E3B4ACE05A9}.Release|Any CPU.Build.0 = Release|Any CPU
		{9737A853-6352-42D5-89ED-1E3B4ACE05A9}.Release|Any CPU.Deploy.0 = Release|Any CPU
		{9737A853-6352-42D5-89ED-1E3B4ACE05A9}.Release|ARM.ActiveCfg = Release|ARM
		{9737A853-6352-42D5-89ED-1E3B4ACE05A9}.Release|ARM.Build.0 = Release|ARM
		{9737A853-6352-42D5-89ED-1E3B4ACE05A9}.Release|ARM.Deploy.0 = Release|ARM
		{9737A853-6352-42D5-89ED-1E3B4ACE05A9}.Release|x64.ActiveCfg = Release|x64
		{9737A853-6352-42D5-89ED-1E3B4ACE05A9}.Release|x64.Build.0 = Release|x64
		{9737A853-6352-42D5-89ED-1E3B4ACE05A9}.Release|x64.Deploy.0 = Release|x64
		{9737A853-6352-42D5-89ED-1E3B4ACE05A9}.Release|x86.ActiveCfg = Release|x86
		{9737A853-6352-42D5-89ED-1E3B4ACE05A9}.Release|x86.Build.0 = Release|x86
		{9737A853-6352-42D5-89ED-1E3B4ACE05A9}.Release|x86.Deploy.0 = Release|x86
		{F73A5A5A-D773-440E-81D9-958C6E67E615}.Debug|Any CPU.ActiveCfg = Debug|Any CPU
		{F73A5A5A-D773-440E-81D9-958C6E67E615}.Debug|Any CPU.Build.0 = Debug|Any CPU
		{F73A5A5A-D773-440E-81D9-958C6E67E615}.Debug|ARM.ActiveCfg = Debug|ARM
		{F73A5A5A-D773-440E-81D9-958C6E67E615}.Debug|ARM.Build.0 = Debug|ARM
		{F73A5A5A-D773-440E-81D9-958C6E67E615}.Debug|x64.ActiveCfg = Debug|x64
		{F73A5A5A-D773-440E-81D9-958C6E67E615}.Debug|x64.Build.0 = Debug|x64
		{F73A5A5A-D773-440E-81D9-958C6E67E615}.Debug|x86.ActiveCfg = Debug|x86
		{F73A5A5A-D773-440E-81D9-958C6E67E615}.Debug|x86.Build.0 = Debug|x86
		{F73A5A5A-D773-440E-81D9-958C6E67E615}.Release|Any CPU.ActiveCfg = Release|Any CPU
		{F73A5A5A-D773-440E-81D9-958C6E67E615}.Release|Any CPU.Build.0 = Release|Any CPU
		{F73A5A5A-D773-440E-81D9-958C6E67E615}.Release|ARM.ActiveCfg = Release|ARM
		{F73A5A5A-D773-440E-81D9-958C6E67E615}.Release|ARM.Build.0 = Release|ARM
		{F73A5A5A-D773-440E-81D9-958C6E67E615}.Release|x64.ActiveCfg = Release|x64
		{F73A5A5A-D773-440E-81D9-958C6E67E615}.Release|x64.Build.0 = Release|x64
		{F73A5A5A-D773-440E-81D9-958C6E67E615}.Release|x86.ActiveCfg = Release|x86
		{F73A5A5A-D773-440E-81D9-958C6E67E615}.Release|x86.Build.0 = Release|x86
		{80B1D0A2-5BDA-4629-A69D-99E0A9C6736B}.Debug|Any CPU.ActiveCfg = Debug|Any CPU
		{80B1D0A2-5BDA-4629-A69D-99E0A9C6736B}.Debug|Any CPU.Build.0 = Debug|Any CPU
		{80B1D0A2-5BDA-4629-A69D-99E0A9C6736B}.Debug|ARM.ActiveCfg = Debug|Any CPU
		{80B1D0A2-5BDA-4629-A69D-99E0A9C6736B}.Debug|x64.ActiveCfg = Debug|Any CPU
		{80B1D0A2-5BDA-4629-A69D-99E0A9C6736B}.Debug|x86.ActiveCfg = Debug|Any CPU
		{80B1D0A2-5BDA-4629-A69D-99E0A9C6736B}.Release|Any CPU.ActiveCfg = Release|Any CPU
		{80B1D0A2-5BDA-4629-A69D-99E0A9C6736B}.Release|Any CPU.Build.0 = Release|Any CPU
		{80B1D0A2-5BDA-4629-A69D-99E0A9C6736B}.Release|ARM.ActiveCfg = Release|Any CPU
		{80B1D0A2-5BDA-4629-A69D-99E0A9C6736B}.Release|x64.ActiveCfg = Release|Any CPU
		{80B1D0A2-5BDA-4629-A69D-99E0A9C6736B}.Release|x86.ActiveCfg = Release|Any CPU
		{20A95394-2C9B-4122-8528-C32370135825}.Debug|Any CPU.ActiveCfg = Debug|Any CPU
		{20A95394-2C9B-4122-8528-C32370135825}.Debug|Any CPU.Build.0 = Debug|Any CPU
		{20A95394-2C9B-4122-8528-C32370135825}.Debug|ARM.ActiveCfg = Debug|Any CPU
		{20A95394-2C9B-4122-8528-C32370135825}.Debug|x64.ActiveCfg = Debug|Any CPU
		{20A95394-2C9B-4122-8528-C32370135825}.Debug|x86.ActiveCfg = Debug|Any CPU
		{20A95394-2C9B-4122-8528-C32370135825}.Release|Any CPU.ActiveCfg = Release|Any CPU
		{20A95394-2C9B-4122-8528-C32370135825}.Release|Any CPU.Build.0 = Release|Any CPU
		{20A95394-2C9B-4122-8528-C32370135825}.Release|ARM.ActiveCfg = Release|Any CPU
		{20A95394-2C9B-4122-8528-C32370135825}.Release|x64.ActiveCfg = Release|Any CPU
		{20A95394-2C9B-4122-8528-C32370135825}.Release|x86.ActiveCfg = Release|Any CPU
		{428DA925-D83D-48E3-9BDA-F6C5623FCFB6}.Debug|Any CPU.ActiveCfg = Debug|Any CPU
		{428DA925-D83D-48E3-9BDA-F6C5623FCFB6}.Debug|Any CPU.Build.0 = Debug|Any CPU
		{428DA925-D83D-48E3-9BDA-F6C5623FCFB6}.Debug|ARM.ActiveCfg = Debug|Any CPU
		{428DA925-D83D-48E3-9BDA-F6C5623FCFB6}.Debug|x64.ActiveCfg = Debug|Any CPU
		{428DA925-D83D-48E3-9BDA-F6C5623FCFB6}.Debug|x86.ActiveCfg = Debug|Any CPU
		{428DA925-D83D-48E3-9BDA-F6C5623FCFB6}.Release|Any CPU.ActiveCfg = Release|Any CPU
		{428DA925-D83D-48E3-9BDA-F6C5623FCFB6}.Release|Any CPU.Build.0 = Release|Any CPU
		{428DA925-D83D-48E3-9BDA-F6C5623FCFB6}.Release|ARM.ActiveCfg = Release|Any CPU
		{428DA925-D83D-48E3-9BDA-F6C5623FCFB6}.Release|x64.ActiveCfg = Release|Any CPU
		{428DA925-D83D-48E3-9BDA-F6C5623FCFB6}.Release|x86.ActiveCfg = Release|Any CPU
		{675118B0-B412-4617-B179-781268F85A46}.Debug|Any CPU.ActiveCfg = Debug|Any CPU
		{675118B0-B412-4617-B179-781268F85A46}.Debug|Any CPU.Build.0 = Debug|Any CPU
		{675118B0-B412-4617-B179-781268F85A46}.Debug|ARM.ActiveCfg = Debug|Any CPU
		{675118B0-B412-4617-B179-781268F85A46}.Debug|x64.ActiveCfg = Debug|Any CPU
		{675118B0-B412-4617-B179-781268F85A46}.Debug|x86.ActiveCfg = Debug|Any CPU
		{675118B0-B412-4617-B179-781268F85A46}.Release|Any CPU.ActiveCfg = Release|Any CPU
		{675118B0-B412-4617-B179-781268F85A46}.Release|Any CPU.Build.0 = Release|Any CPU
		{675118B0-B412-4617-B179-781268F85A46}.Release|ARM.ActiveCfg = Release|Any CPU
		{675118B0-B412-4617-B179-781268F85A46}.Release|x64.ActiveCfg = Release|Any CPU
		{675118B0-B412-4617-B179-781268F85A46}.Release|x86.ActiveCfg = Release|Any CPU
		{4BDA74DB-E59D-4FD9-891D-2A7E4F1E87E0}.Debug|Any CPU.ActiveCfg = Debug|Any CPU
		{4BDA74DB-E59D-4FD9-891D-2A7E4F1E87E0}.Debug|Any CPU.Build.0 = Debug|Any CPU
		{4BDA74DB-E59D-4FD9-891D-2A7E4F1E87E0}.Debug|ARM.ActiveCfg = Debug|Any CPU
		{4BDA74DB-E59D-4FD9-891D-2A7E4F1E87E0}.Debug|x64.ActiveCfg = Debug|Any CPU
		{4BDA74DB-E59D-4FD9-891D-2A7E4F1E87E0}.Debug|x86.ActiveCfg = Debug|Any CPU
		{4BDA74DB-E59D-4FD9-891D-2A7E4F1E87E0}.Release|Any CPU.ActiveCfg = Release|Any CPU
		{4BDA74DB-E59D-4FD9-891D-2A7E4F1E87E0}.Release|Any CPU.Build.0 = Release|Any CPU
		{4BDA74DB-E59D-4FD9-891D-2A7E4F1E87E0}.Release|ARM.ActiveCfg = Release|Any CPU
		{4BDA74DB-E59D-4FD9-891D-2A7E4F1E87E0}.Release|x64.ActiveCfg = Release|Any CPU
		{4BDA74DB-E59D-4FD9-891D-2A7E4F1E87E0}.Release|x86.ActiveCfg = Release|Any CPU
		{EA579EA3-4E52-479E-8608-CDA2B50BB7BF}.Debug|Any CPU.ActiveCfg = Debug|Any CPU
		{EA579EA3-4E52-479E-8608-CDA2B50BB7BF}.Debug|Any CPU.Build.0 = Debug|Any CPU
		{EA579EA3-4E52-479E-8608-CDA2B50BB7BF}.Debug|ARM.ActiveCfg = Debug|Any CPU
		{EA579EA3-4E52-479E-8608-CDA2B50BB7BF}.Debug|x64.ActiveCfg = Debug|Any CPU
		{EA579EA3-4E52-479E-8608-CDA2B50BB7BF}.Debug|x86.ActiveCfg = Debug|Any CPU
		{EA579EA3-4E52-479E-8608-CDA2B50BB7BF}.Release|Any CPU.ActiveCfg = Release|Any CPU
		{EA579EA3-4E52-479E-8608-CDA2B50BB7BF}.Release|Any CPU.Build.0 = Release|Any CPU
		{EA579EA3-4E52-479E-8608-CDA2B50BB7BF}.Release|ARM.ActiveCfg = Release|Any CPU
		{EA579EA3-4E52-479E-8608-CDA2B50BB7BF}.Release|x64.ActiveCfg = Release|Any CPU
		{EA579EA3-4E52-479E-8608-CDA2B50BB7BF}.Release|x86.ActiveCfg = Release|Any CPU
		{3ED10811-85E9-4018-A49E-44A2A01AEEA2}.Debug|Any CPU.ActiveCfg = Debug|Any CPU
		{3ED10811-85E9-4018-A49E-44A2A01AEEA2}.Debug|Any CPU.Build.0 = Debug|Any CPU
		{3ED10811-85E9-4018-A49E-44A2A01AEEA2}.Debug|ARM.ActiveCfg = Debug|Any CPU
		{3ED10811-85E9-4018-A49E-44A2A01AEEA2}.Debug|x64.ActiveCfg = Debug|Any CPU
		{3ED10811-85E9-4018-A49E-44A2A01AEEA2}.Debug|x86.ActiveCfg = Debug|Any CPU
		{3ED10811-85E9-4018-A49E-44A2A01AEEA2}.Release|Any CPU.ActiveCfg = Release|Any CPU
		{3ED10811-85E9-4018-A49E-44A2A01AEEA2}.Release|Any CPU.Build.0 = Release|Any CPU
		{3ED10811-85E9-4018-A49E-44A2A01AEEA2}.Release|ARM.ActiveCfg = Release|Any CPU
		{3ED10811-85E9-4018-A49E-44A2A01AEEA2}.Release|x64.ActiveCfg = Release|Any CPU
		{3ED10811-85E9-4018-A49E-44A2A01AEEA2}.Release|x86.ActiveCfg = Release|Any CPU
		{9EF1F386-8247-4555-AF85-02114B069181}.Debug|Any CPU.ActiveCfg = Debug|Any CPU
		{9EF1F386-8247-4555-AF85-02114B069181}.Debug|Any CPU.Build.0 = Debug|Any CPU
		{9EF1F386-8247-4555-AF85-02114B069181}.Debug|ARM.ActiveCfg = Debug|Any CPU
		{9EF1F386-8247-4555-AF85-02114B069181}.Debug|x64.ActiveCfg = Debug|Any CPU
		{9EF1F386-8247-4555-AF85-02114B069181}.Debug|x86.ActiveCfg = Debug|Any CPU
		{9EF1F386-8247-4555-AF85-02114B069181}.Release|Any CPU.ActiveCfg = Release|Any CPU
		{9EF1F386-8247-4555-AF85-02114B069181}.Release|Any CPU.Build.0 = Release|Any CPU
		{9EF1F386-8247-4555-AF85-02114B069181}.Release|ARM.ActiveCfg = Release|Any CPU
		{9EF1F386-8247-4555-AF85-02114B069181}.Release|x64.ActiveCfg = Release|Any CPU
		{9EF1F386-8247-4555-AF85-02114B069181}.Release|x86.ActiveCfg = Release|Any CPU
		{E208BBD6-9F71-4A4A-B4F2-3D1DF30ECE5D}.Debug|Any CPU.ActiveCfg = Debug|Any CPU
		{E208BBD6-9F71-4A4A-B4F2-3D1DF30ECE5D}.Debug|Any CPU.Build.0 = Debug|Any CPU
		{E208BBD6-9F71-4A4A-B4F2-3D1DF30ECE5D}.Debug|ARM.ActiveCfg = Debug|Any CPU
		{E208BBD6-9F71-4A4A-B4F2-3D1DF30ECE5D}.Debug|x64.ActiveCfg = Debug|Any CPU
		{E208BBD6-9F71-4A4A-B4F2-3D1DF30ECE5D}.Debug|x86.ActiveCfg = Debug|Any CPU
		{E208BBD6-9F71-4A4A-B4F2-3D1DF30ECE5D}.Release|Any CPU.ActiveCfg = Release|Any CPU
		{E208BBD6-9F71-4A4A-B4F2-3D1DF30ECE5D}.Release|Any CPU.Build.0 = Release|Any CPU
		{E208BBD6-9F71-4A4A-B4F2-3D1DF30ECE5D}.Release|ARM.ActiveCfg = Release|Any CPU
		{E208BBD6-9F71-4A4A-B4F2-3D1DF30ECE5D}.Release|x64.ActiveCfg = Release|Any CPU
		{E208BBD6-9F71-4A4A-B4F2-3D1DF30ECE5D}.Release|x86.ActiveCfg = Release|Any CPU
		{09DD3402-AC18-476F-8768-FC9894474F2E}.Debug|Any CPU.ActiveCfg = Debug|Any CPU
		{09DD3402-AC18-476F-8768-FC9894474F2E}.Debug|Any CPU.Build.0 = Debug|Any CPU
		{09DD3402-AC18-476F-8768-FC9894474F2E}.Debug|ARM.ActiveCfg = Debug|Any CPU
		{09DD3402-AC18-476F-8768-FC9894474F2E}.Debug|x64.ActiveCfg = Debug|Any CPU
		{09DD3402-AC18-476F-8768-FC9894474F2E}.Debug|x86.ActiveCfg = Debug|Any CPU
		{09DD3402-AC18-476F-8768-FC9894474F2E}.Release|Any CPU.ActiveCfg = Release|Any CPU
		{09DD3402-AC18-476F-8768-FC9894474F2E}.Release|Any CPU.Build.0 = Release|Any CPU
		{09DD3402-AC18-476F-8768-FC9894474F2E}.Release|ARM.ActiveCfg = Release|Any CPU
		{09DD3402-AC18-476F-8768-FC9894474F2E}.Release|x64.ActiveCfg = Release|Any CPU
		{09DD3402-AC18-476F-8768-FC9894474F2E}.Release|x86.ActiveCfg = Release|Any CPU
		{38829E51-1FB1-4195-9C15-C82AA8B94347}.Debug|Any CPU.ActiveCfg = Debug|Any CPU
		{38829E51-1FB1-4195-9C15-C82AA8B94347}.Debug|Any CPU.Build.0 = Debug|Any CPU
		{38829E51-1FB1-4195-9C15-C82AA8B94347}.Debug|ARM.ActiveCfg = Debug|Any CPU
		{38829E51-1FB1-4195-9C15-C82AA8B94347}.Debug|x64.ActiveCfg = Debug|Any CPU
		{38829E51-1FB1-4195-9C15-C82AA8B94347}.Debug|x86.ActiveCfg = Debug|Any CPU
		{38829E51-1FB1-4195-9C15-C82AA8B94347}.Release|Any CPU.ActiveCfg = Release|Any CPU
		{38829E51-1FB1-4195-9C15-C82AA8B94347}.Release|Any CPU.Build.0 = Release|Any CPU
		{38829E51-1FB1-4195-9C15-C82AA8B94347}.Release|ARM.ActiveCfg = Release|Any CPU
		{38829E51-1FB1-4195-9C15-C82AA8B94347}.Release|x64.ActiveCfg = Release|Any CPU
		{38829E51-1FB1-4195-9C15-C82AA8B94347}.Release|x86.ActiveCfg = Release|Any CPU
	EndGlobalSection
	GlobalSection(SolutionProperties) = preSolution
		HideSolutionNode = FALSE
	EndGlobalSection
	GlobalSection(NestedProjects) = preSolution
		{29E6283A-DC78-426D-89E2-BEAD2CBF5E70} = {F5B26B1B-E839-480C-81F0-DF15AB827920}
		{1FD1299C-3ADB-40D5-930A-7918D032BC70} = {F5B26B1B-E839-480C-81F0-DF15AB827920}
		{B50FACF0-7B12-45AE-BB6A-9FC987F9B92B} = {F5B26B1B-E839-480C-81F0-DF15AB827920}
		{F42C5D35-7A68-41BB-8B7A-F9F1C97A793E} = {F5B26B1B-E839-480C-81F0-DF15AB827920}
		{84A1A665-07F5-493A-9195-6020D9813CB8} = {F5B26B1B-E839-480C-81F0-DF15AB827920}
		{C5B380F2-055D-439D-800C-8BBE229AE325} = {F5B26B1B-E839-480C-81F0-DF15AB827920}
		{0199ED65-C3BC-4A8F-9901-49146CA0C2FC} = {F5B26B1B-E839-480C-81F0-DF15AB827920}
		{777E52A7-89B4-43D7-BC85-6A19AF9A5996} = {C5B380F2-055D-439D-800C-8BBE229AE325}
		{E917FA1F-C36B-49E8-AE01-7887624C4248} = {0199ED65-C3BC-4A8F-9901-49146CA0C2FC}
		{9EDE3156-9A31-4E37-8443-1DEF3B39743D} = {1FD1299C-3ADB-40D5-930A-7918D032BC70}
		{91D610FA-8038-48E0-8AB8-7904F5D0398A} = {84A1A665-07F5-493A-9195-6020D9813CB8}
		{886E1712-FB21-4B0A-87E9-BD5C1239259F} = {84A1A665-07F5-493A-9195-6020D9813CB8}
		{8888B2F6-93E3-4F95-826D-47F3EFB5FC24} = {84A1A665-07F5-493A-9195-6020D9813CB8}
		{29881914-4FF2-4CA5-A379-5401E979D16E} = {84A1A665-07F5-493A-9195-6020D9813CB8}
		{7F5DE184-ECF2-4B74-8F6F-924ABB79335B} = {1FD1299C-3ADB-40D5-930A-7918D032BC70}
		{2B20C42A-8FAE-4F55-8233-66599FED9139} = {1FD1299C-3ADB-40D5-930A-7918D032BC70}
		{BB6DC325-D732-4273-8CED-06AEF8D20A4E} = {1FD1299C-3ADB-40D5-930A-7918D032BC70}
		{AF741311-B81F-4338-A9B8-6CE59E74AB1E} = {B50FACF0-7B12-45AE-BB6A-9FC987F9B92B}
		{929BB9FB-A044-426C-96AB-CBFCD4C5DA3D} = {B50FACF0-7B12-45AE-BB6A-9FC987F9B92B}
		{5695297B-EAD9-49D0-BCFB-ADF9A3C4E5A5} = {B50FACF0-7B12-45AE-BB6A-9FC987F9B92B}
		{3FA5C867-DF08-4DBC-960B-D79A616EE621} = {29E6283A-DC78-426D-89E2-BEAD2CBF5E70}
		{3418536B-D14E-495D-AD34-275080393F5F} = {29E6283A-DC78-426D-89E2-BEAD2CBF5E70}
		{39CA8405-77B2-478A-BA70-7DB852A70D95} = {29E6283A-DC78-426D-89E2-BEAD2CBF5E70}
		{1CA22887-1D1A-47E9-95B6-85ADE7C40EC1} = {29E6283A-DC78-426D-89E2-BEAD2CBF5E70}
		{E5C4D39F-85FD-4AFD-B6E6-C3CA408BD08B} = {F42C5D35-7A68-41BB-8B7A-F9F1C97A793E}
		{8A669C19-7077-4F89-9D21-58945C110F64} = {84A1A665-07F5-493A-9195-6020D9813CB8}
		{B413664D-3774-4F15-BF67-EB0B0411216E} = {1FD1299C-3ADB-40D5-930A-7918D032BC70}
		{5971A850-4626-4F2F-8B0E-F42AA491389A} = {1FD1299C-3ADB-40D5-930A-7918D032BC70}
		{911E722A-20D9-47AE-AD45-F73BBDF4F772} = {1FD1299C-3ADB-40D5-930A-7918D032BC70}
		{8221C873-FEDF-431C-B549-8D7B4F8A6E2B} = {B50FACF0-7B12-45AE-BB6A-9FC987F9B92B}
		{0E9D95A6-2590-40FE-965A-B6F8E6FA14F0} = {B50FACF0-7B12-45AE-BB6A-9FC987F9B92B}
		{B29FABC8-9832-4D32-9C7D-3ABCB9C07977} = {B50FACF0-7B12-45AE-BB6A-9FC987F9B92B}
		{7866F442-7FC6-49A2-93C3-5FC215EA9894} = {29E6283A-DC78-426D-89E2-BEAD2CBF5E70}
		{A2510733-5625-4FDD-B66F-18A24D652B3C} = {29E6283A-DC78-426D-89E2-BEAD2CBF5E70}
		{52B8796E-AA24-4304-B42D-EDB26124F24B} = {0199ED65-C3BC-4A8F-9901-49146CA0C2FC}
		{487880F6-3EBD-44B6-9D22-26BDEFB59670} = {C5B380F2-055D-439D-800C-8BBE229AE325}
		{94AF2ABB-42B7-4AB0-B14F-5FFFFD6B40A3} = {F42C5D35-7A68-41BB-8B7A-F9F1C97A793E}
		{906E80FA-740F-42A9-A17C-22A09D81CEE8} = {F42C5D35-7A68-41BB-8B7A-F9F1C97A793E}
		{4706FC46-2060-4A1C-8E40-DE44E6ABB68F} = {F42C5D35-7A68-41BB-8B7A-F9F1C97A793E}
		{C7642AB6-0EED-446E-BD0B-4C2B78887419} = {C5B380F2-055D-439D-800C-8BBE229AE325}
		{332C287D-6925-4FF1-B1D0-C85721BB9F5C} = {C5B380F2-055D-439D-800C-8BBE229AE325}
		{E0CB602B-C58C-44D5-A6F0-B7060DC71C4F} = {0199ED65-C3BC-4A8F-9901-49146CA0C2FC}
		{44E76102-A111-4B3F-A743-ECB861BD3089} = {777E52A7-89B4-43D7-BC85-6A19AF9A5996}
		{1197CF25-AF8D-428D-8BB1-8C465F8879B3} = {777E52A7-89B4-43D7-BC85-6A19AF9A5996}
		{D7CDFD40-B8E7-4222-9E8E-B67EBBD91AC7} = {E917FA1F-C36B-49E8-AE01-7887624C4248}
		{9737A853-6352-42D5-89ED-1E3B4ACE05A9} = {E917FA1F-C36B-49E8-AE01-7887624C4248}
		{F73A5A5A-D773-440E-81D9-958C6E67E615} = {E917FA1F-C36B-49E8-AE01-7887624C4248}
		{80B1D0A2-5BDA-4629-A69D-99E0A9C6736B} = {9EDE3156-9A31-4E37-8443-1DEF3B39743D}
		{20A95394-2C9B-4122-8528-C32370135825} = {84A1A665-07F5-493A-9195-6020D9813CB8}
		{428DA925-D83D-48E3-9BDA-F6C5623FCFB6} = {1FD1299C-3ADB-40D5-930A-7918D032BC70}
		{675118B0-B412-4617-B179-781268F85A46} = {F42C5D35-7A68-41BB-8B7A-F9F1C97A793E}
		{4BDA74DB-E59D-4FD9-891D-2A7E4F1E87E0} = {0199ED65-C3BC-4A8F-9901-49146CA0C2FC}
		{74CAA0BB-15F8-464A-BA72-1788B14C04EA} = {2EB3EE8D-07DC-4BB9-A2BE-EFF839027F88}
		{0C706476-4999-4214-82A6-A2903D5B8F53} = {2EB3EE8D-07DC-4BB9-A2BE-EFF839027F88}
		{EA579EA3-4E52-479E-8608-CDA2B50BB7BF} = {74CAA0BB-15F8-464A-BA72-1788B14C04EA}
		{3ED10811-85E9-4018-A49E-44A2A01AEEA2} = {74CAA0BB-15F8-464A-BA72-1788B14C04EA}
		{9EF1F386-8247-4555-AF85-02114B069181} = {0C706476-4999-4214-82A6-A2903D5B8F53}
		{E208BBD6-9F71-4A4A-B4F2-3D1DF30ECE5D} = {74CAA0BB-15F8-464A-BA72-1788B14C04EA}
		{09DD3402-AC18-476F-8768-FC9894474F2E} = {0C706476-4999-4214-82A6-A2903D5B8F53}
		{38829E51-1FB1-4195-9C15-C82AA8B94347} = {0C706476-4999-4214-82A6-A2903D5B8F53}
	EndGlobalSection
EndGlobal
